# THIS IS AN AUTOGENERATED FILE. DO NOT EDIT THIS FILE DIRECTLY.
# yarn lockfile v1


"@geekagency/composite-js@^0.4.1":
  version "0.4.1"
  resolved "https://registry.yarnpkg.com/@geekagency/composite-js/-/composite-js-0.4.1.tgz#724e1d8bae3af1751021ac8a9319d4540efdcb6c"
  integrity sha512-RlrkvdY+C15K+8AvPeyxGvRGBBGdvmNT4GKdNvBYsukPoNB9u0P3Q8Pui++ISxJl2Fsj88h0FQYeJ4vkm/OLlA==

parameter-validator@^1.0.5:
  version "1.0.5"
  resolved "https://registry.yarnpkg.com/parameter-validator/-/parameter-validator-1.0.5.tgz#ec614297a9625dc4a149610350e8bba255435e55"
  integrity sha1-7GFCl6liXcShSWEDUOi7olVDXlU=

uuid@^3.3.3:
  version "3.3.3"
  resolved "https://registry.yarnpkg.com/uuid/-/uuid-3.3.3.tgz#4568f0216e78760ee1dbf3a4d2cf53e224112866"
  integrity sha512-pW0No1RGHgzlpHJO1nsVrHKpOEIxkGg1xB+v0ZmdNH5OAeAwzAVrCnI2/6Mtx+Uys6iaylxa+D3g4j63IKKjSQ==
